{
  "name": "newpars",
  "version": "1.0.0",
  "lockfileVersion": 1,
  "requires": true,
  "dependencies": {
    "@types/jasmine": {
      "version": "3.5.7",
      "resolved": "https://registry.npmjs.org/@types/jasmine/-/jasmine-3.5.7.tgz",
      "integrity": "sha512-HoPp5ZafWFXr36yRUOJNuRbvFNklxvN+I9JXfAaZTHBiEw4ZkN4FBnjbV4YHRNNG433ypHP2K+lOeQyRdyuGxQ==",
      "dev": true
    }
  }
}
